
Microsoft Visual Studio Solution File, Format Version 12.00
# Visual Studio Version 17
VisualStudioVersion = 17.4.33205.214
MinimumVisualStudioVersion = 10.0.40219.1
Project("{9092AA53-FB77-4645-B42D-1CCCA6BD08BD}") = "js", "js\js.njsproj", "{525B4AA3-8845-4E28-9C18-9407EA57E85C}"
EndProject
Global
	GlobalSection(SolutionConfigurationPlatforms) = preSolution
		Debug|Any CPU = Debug|Any CPU
		Release|Any CPU = Release|Any CPU
	EndGlobalSection
	GlobalSection(ProjectConfigurationPlatforms) = postSolution
		{525B4AA3-8845-4E28-9C18-9407EA57E85C}.Debug|Any CPU.ActiveCfg = Debug|Any CPU
		{525B4AA3-8845-4E28-9C18-9407EA57E85C}.Debug|Any CPU.Build.0 = Debug|Any CPU
		{525B4AA3-8845-4E28-9C18-9407EA57E85C}.Release|Any CPU.ActiveCfg = Release|Any CPU
		{525B4AA3-8845-4E28-9C18-9407EA57E85C}.Release|Any CPU.Build.0 = Release|Any CPU
	EndGlobalSection
	GlobalSection(SolutionProperties) = preSolution
		HideSolutionNode = FALSE
	EndGlobalSection
	GlobalSection(ExtensibilityGlobals) = postSolution
		SolutionGuid = {B1CCAA17-CDDE-4012-B38F-E3C9D8D04642}
	EndGlobalSection
EndGlobal
