<?xml version="1.0" encoding="utf-8"?>
<Project ToolsVersion="4.0" xmlns="http://schemas.microsoft.com/developer/msbuild/2003">
  <ItemGroup>
    <Filter Include="Исходные файлы">
      <UniqueIdentifier>{4FC737F1-C7A5-4376-A066-2A32D752A2FF}</UniqueIdentifier>
      <Extensions>cpp;c;cc;cxx;c++;cppm;ixx;def;odl;idl;hpj;bat;asm;asmx</Extensions>
    </Filter>
    <Filter Include="Файлы заголовков">
      <UniqueIdentifier>{93995380-89BD-4b04-88EB-625FBE52EBFB}</UniqueIdentifier>
      <Extensions>h;hh;hpp;hxx;h++;hm;inl;inc;ipp;xsd</Extensions>
    </Filter>
    <Filter Include="Файлы ресурсов">
      <UniqueIdentifier>{67DA6AB6-F800-4c08-8B7A-83BB121AAD01}</UniqueIdentifier>
      <Extensions>rc;ico;cur;bmp;dlg;rc2;rct;bin;rgs;gif;jpg;jpeg;jpe;resx;tiff;tif;png;wav;mfcribbon-ms</Extensions>
    </Filter>
  </ItemGroup>
  <ItemGroup>
    <ClCompile Include="cpp.cpp">
      <Filter>Исходные файлы</Filter>
    </ClCompile>
    <ClCompile Include="collatz-conjecture.cpp">
      <Filter>Исходные файлы</Filter>
    </ClCompile>
    <ClCompile Include="multiples-of-3-or-5.cpp">
      <Filter>Исходные файлы</Filter>
    </ClCompile>
    <ClCompile Include="who-likes-it.cpp">
      <Filter>Исходные файлы</Filter>
    </ClCompile>
    <ClCompile Include="isograms.cpp">
      <Filter>Исходные файлы</Filter>
    </ClCompile>
    <ClCompile Include="youre-a-square.cpp">
      <Filter>Исходные файлы</Filter>
    </ClCompile>
    <ClCompile Include="complementary-dna.cpp">
      <Filter>Исходные файлы</Filter>
    </ClCompile>
    <ClCompile Include="replace-with-alphabet-position.cpp">
      <Filter>Исходные файлы</Filter>
    </ClCompile>
  </ItemGroup>
  <ItemGroup>
    <ClInclude Include="collatz-conjecture.h">
      <Filter>Файлы заголовков</Filter>
    </ClInclude>
    <ClInclude Include="multiples-of-3-or-5.h">
      <Filter>Файлы заголовков</Filter>
    </ClInclude>
    <ClInclude Include="who-likes-it.h">
      <Filter>Файлы заголовков</Filter>
    </ClInclude>
    <ClInclude Include="isograms.h">
      <Filter>Файлы заголовков</Filter>
    </ClInclude>
    <ClInclude Include="youre-a-square.h">
      <Filter>Файлы заголовков</Filter>
    </ClInclude>
    <ClInclude Include="complementary-dna.h">
      <Filter>Файлы заголовков</Filter>
    </ClInclude>
    <ClInclude Include="replace-with-alphabet-position.h">
      <Filter>Файлы заголовков</Filter>
    </ClInclude>
  </ItemGroup>
</Project>